
Microsoft Visual Studio Solution File, Format Version 12.00
# Visual Studio Version 16
VisualStudioVersion = 16.0.31605.320
MinimumVisualStudioVersion = 10.0.40219.1
Project("{9A19103F-16F7-4668-BE54-9A1E7A4F7556}") = "CKK.Logic", "CKK.Logic\CKK.Logic.csproj", "{596F348A-A81F-43AE-9A9D-1F0C280E6BC8}"
EndProject
Project("{FAE04EC0-301F-11D3-BF4B-00C04F79EFBC}") = "CKK.tests", "CKK.tests\CKK.tests.csproj", "{9CE67F63-2C02-4985-A19B-8B15B512BAFA}"
EndProject
Global
	GlobalSection(SolutionConfigurationPlatforms) = preSolution
		Debug|Any CPU = Debug|Any CPU
		Release|Any CPU = Release|Any CPU
	EndGlobalSection
	GlobalSection(ProjectConfigurationPlatforms) = postSolution
		{596F348A-A81F-43AE-9A9D-1F0C280E6BC8}.Debug|Any CPU.ActiveCfg = Debug|Any CPU
		{596F348A-A81F-43AE-9A9D-1F0C280E6BC8}.Debug|Any CPU.Build.0 = Debug|Any CPU
		{596F348A-A81F-43AE-9A9D-1F0C280E6BC8}.Release|Any CPU.ActiveCfg = Release|Any CPU
		{596F348A-A81F-43AE-9A9D-1F0C280E6BC8}.Release|Any CPU.Build.0 = Release|Any CPU
		{9CE67F63-2C02-4985-A19B-8B15B512BAFA}.Debug|Any CPU.ActiveCfg = Debug|Any CPU
		{9CE67F63-2C02-4985-A19B-8B15B512BAFA}.Debug|Any CPU.Build.0 = Debug|Any CPU
		{9CE67F63-2C02-4985-A19B-8B15B512BAFA}.Release|Any CPU.ActiveCfg = Release|Any CPU
		{9CE67F63-2C02-4985-A19B-8B15B512BAFA}.Release|Any CPU.Build.0 = Release|Any CPU
	EndGlobalSection
	GlobalSection(SolutionProperties) = preSolution
		HideSolutionNode = FALSE
	EndGlobalSection
	GlobalSection(ExtensibilityGlobals) = postSolution
		SolutionGuid = {AAFC3603-462E-448A-B5BA-47C447097BC5}
	EndGlobalSection
EndGlobal
